
Microsoft Visual Studio Solution File, Format Version 12.00
# Visual Studio 15
VisualStudioVersion = 15.0.28307.645
MinimumVisualStudioVersion = 10.0.40219.1
Project("{FAE04EC0-301F-11D3-BF4B-00C04F79EFBC}") = "XmlJsonParser", "XmlJsonParser\XmlJsonParser.csproj", "{75B33F79-B1EF-49EC-897C-B74058352342}"
EndProject
Global
	GlobalSection(SolutionConfigurationPlatforms) = preSolution
		Debug|Any CPU = Debug|Any CPU
		Release|Any CPU = Release|Any CPU
	EndGlobalSection
	GlobalSection(ProjectConfigurationPlatforms) = postSolution
		{75B33F79-B1EF-49EC-897C-B74058352342}.Debug|Any CPU.ActiveCfg = Debug|Any CPU
		{75B33F79-B1EF-49EC-897C-B74058352342}.Debug|Any CPU.Build.0 = Debug|Any CPU
		{75B33F79-B1EF-49EC-897C-B74058352342}.Release|Any CPU.ActiveCfg = Release|Any CPU
		{75B33F79-B1EF-49EC-897C-B74058352342}.Release|Any CPU.Build.0 = Release|Any CPU
	EndGlobalSection
	GlobalSection(SolutionProperties) = preSolution
		HideSolutionNode = FALSE
	EndGlobalSection
	GlobalSection(ExtensibilityGlobals) = postSolution
		SolutionGuid = {EA2B4DC5-FD71-4592-B8C4-C9BA9FCB0444}
	EndGlobalSection
EndGlobal
