
Microsoft Visual Studio Solution File, Format Version 12.00
# Visual Studio Version 16
VisualStudioVersion = 16.0.29709.97
MinimumVisualStudioVersion = 10.0.40219.1
Project("{FAE04EC0-301F-11D3-BF4B-00C04F79EFBC}") = "AzureKeyVaultLib", "AzureKeyVaultLib\AzureKeyVaultLib.csproj", "{219CFD6D-D41D-4A1C-A28D-705DBBAE67CC}"
EndProject
Global
	GlobalSection(SolutionConfigurationPlatforms) = preSolution
		Debug|Any CPU = Debug|Any CPU
		Release|Any CPU = Release|Any CPU
	EndGlobalSection
	GlobalSection(ProjectConfigurationPlatforms) = postSolution
		{219CFD6D-D41D-4A1C-A28D-705DBBAE67CC}.Debug|Any CPU.ActiveCfg = Debug|Any CPU
		{219CFD6D-D41D-4A1C-A28D-705DBBAE67CC}.Debug|Any CPU.Build.0 = Debug|Any CPU
		{219CFD6D-D41D-4A1C-A28D-705DBBAE67CC}.Release|Any CPU.ActiveCfg = Release|Any CPU
		{219CFD6D-D41D-4A1C-A28D-705DBBAE67CC}.Release|Any CPU.Build.0 = Release|Any CPU
	EndGlobalSection
	GlobalSection(SolutionProperties) = preSolution
		HideSolutionNode = FALSE
	EndGlobalSection
	GlobalSection(ExtensibilityGlobals) = postSolution
		SolutionGuid = {A53E9E6D-9180-469F-916D-11DEC3BDDA4A}
	EndGlobalSection
EndGlobal
