
Microsoft Visual Studio Solution File, Format Version 12.00
# Visual Studio Version 16
VisualStudioVersion = 16.0.29102.190
MinimumVisualStudioVersion = 10.0.40219.1
Project("{151D2E53-A2C4-4D7D-83FE-D05416EBD58E}") = "AzureTestCustomConnector", "AzureTestCustomConnector\AzureTestCustomConnector.deployproj", "{979F7A9C-B50D-46FC-8B2C-3DE08ADE1CF0}"
EndProject
Global
	GlobalSection(SolutionConfigurationPlatforms) = preSolution
		Debug|Any CPU = Debug|Any CPU
		Release|Any CPU = Release|Any CPU
	EndGlobalSection
	GlobalSection(ProjectConfigurationPlatforms) = postSolution
		{979F7A9C-B50D-46FC-8B2C-3DE08ADE1CF0}.Debug|Any CPU.ActiveCfg = Debug|Any CPU
		{979F7A9C-B50D-46FC-8B2C-3DE08ADE1CF0}.Debug|Any CPU.Build.0 = Debug|Any CPU
		{979F7A9C-B50D-46FC-8B2C-3DE08ADE1CF0}.Release|Any CPU.ActiveCfg = Release|Any CPU
		{979F7A9C-B50D-46FC-8B2C-3DE08ADE1CF0}.Release|Any CPU.Build.0 = Release|Any CPU
	EndGlobalSection
	GlobalSection(SolutionProperties) = preSolution
		HideSolutionNode = FALSE
	EndGlobalSection
	GlobalSection(ExtensibilityGlobals) = postSolution
		SolutionGuid = {D4594237-D84E-4CDB-9F96-970503E35F7D}
	EndGlobalSection
EndGlobal
